
Microsoft Visual Studio Solution File, Format Version 12.00
# Visual Studio Version 17
VisualStudioVersion = 17.7.34221.43
MinimumVisualStudioVersion = 10.0.40219.1
Project("{FAE04EC0-301F-11D3-BF4B-00C04F79EFBC}") = "WindowsFormsApp1", "WindowsFormsApp1.csproj", "{7CABD7B2-C973-4CD0-958D-030BF9FDEFCE}"
EndProject
Global
	GlobalSection(SolutionConfigurationPlatforms) = preSolution
		Debug|Any CPU = Debug|Any CPU
		Release|Any CPU = Release|Any CPU
	EndGlobalSection
	GlobalSection(ProjectConfigurationPlatforms) = postSolution
		{7CABD7B2-C973-4CD0-958D-030BF9FDEFCE}.Debug|Any CPU.ActiveCfg = Debug|Any CPU
		{7CABD7B2-C973-4CD0-958D-030BF9FDEFCE}.Debug|Any CPU.Build.0 = Debug|Any CPU
		{7CABD7B2-C973-4CD0-958D-030BF9FDEFCE}.Release|Any CPU.ActiveCfg = Release|Any CPU
		{7CABD7B2-C973-4CD0-958D-030BF9FDEFCE}.Release|Any CPU.Build.0 = Release|Any CPU
	EndGlobalSection
	GlobalSection(SolutionProperties) = preSolution
		HideSolutionNode = FALSE
	EndGlobalSection
	GlobalSection(ExtensibilityGlobals) = postSolution
		SolutionGuid = {9699602F-166D-47FC-BD9C-A810B638F7FD}
	EndGlobalSection
EndGlobal
